
Microsoft Visual Studio Solution File, Format Version 12.00
# Visual Studio Version 17
VisualStudioVersion = 17.0.32126.317
MinimumVisualStudioVersion = 10.0.40219.1
Project("{FAE04EC0-301F-11D3-BF4B-00C04F79EFBC}") = "lab8", "lab8.csproj", "{C5CF0235-7761-438A-B68E-06B53D2A3A6F}"
EndProject
Global
	GlobalSection(SolutionConfigurationPlatforms) = preSolution
		Debug|Any CPU = Debug|Any CPU
		Release|Any CPU = Release|Any CPU
	EndGlobalSection
	GlobalSection(ProjectConfigurationPlatforms) = postSolution
		{C5CF0235-7761-438A-B68E-06B53D2A3A6F}.Debug|Any CPU.ActiveCfg = Debug|Any CPU
		{C5CF0235-7761-438A-B68E-06B53D2A3A6F}.Debug|Any CPU.Build.0 = Debug|Any CPU
		{C5CF0235-7761-438A-B68E-06B53D2A3A6F}.Release|Any CPU.ActiveCfg = Release|Any CPU
		{C5CF0235-7761-438A-B68E-06B53D2A3A6F}.Release|Any CPU.Build.0 = Release|Any CPU
	EndGlobalSection
	GlobalSection(SolutionProperties) = preSolution
		HideSolutionNode = FALSE
	EndGlobalSection
	GlobalSection(ExtensibilityGlobals) = postSolution
		SolutionGuid = {8F4BAFF9-C216-4DAD-963A-A114D4627481}
	EndGlobalSection
EndGlobal
