
Microsoft Visual Studio Solution File, Format Version 12.00
# Visual Studio 15
VisualStudioVersion = 15.0.28307.1500
MinimumVisualStudioVersion = 10.0.40219.1
Project("{FAE04EC0-301F-11D3-BF4B-00C04F79EFBC}") = "VolShapesWindowsForms", "VolShapesWindowsForms\VolShapesWindowsForms.csproj", "{424824D9-68FE-47F2-AC27-344927F26D3B}"
EndProject
Global
	GlobalSection(SolutionConfigurationPlatforms) = preSolution
		Debug|Any CPU = Debug|Any CPU
		Release|Any CPU = Release|Any CPU
	EndGlobalSection
	GlobalSection(ProjectConfigurationPlatforms) = postSolution
		{424824D9-68FE-47F2-AC27-344927F26D3B}.Debug|Any CPU.ActiveCfg = Debug|Any CPU
		{424824D9-68FE-47F2-AC27-344927F26D3B}.Debug|Any CPU.Build.0 = Debug|Any CPU
		{424824D9-68FE-47F2-AC27-344927F26D3B}.Release|Any CPU.ActiveCfg = Release|Any CPU
		{424824D9-68FE-47F2-AC27-344927F26D3B}.Release|Any CPU.Build.0 = Release|Any CPU
	EndGlobalSection
	GlobalSection(SolutionProperties) = preSolution
		HideSolutionNode = FALSE
	EndGlobalSection
	GlobalSection(ExtensibilityGlobals) = postSolution
		SolutionGuid = {FC934291-BDAF-4FE7-A08D-C6F37CEC7D23}
	EndGlobalSection
EndGlobal
