
Microsoft Visual Studio Solution File, Format Version 12.00
# Visual Studio Version 16
VisualStudioVersion = 16.0.31105.61
MinimumVisualStudioVersion = 10.0.40219.1
Project("{FAE04EC0-301F-11D3-BF4B-00C04F79EFBC}") = "preps", "preps\preps.csproj", "{DB884AB2-BBCE-44F5-BCF9-D140FCBE2211}"
EndProject
Global
	GlobalSection(SolutionConfigurationPlatforms) = preSolution
		Debug|Any CPU = Debug|Any CPU
		Release|Any CPU = Release|Any CPU
	EndGlobalSection
	GlobalSection(ProjectConfigurationPlatforms) = postSolution
		{DB884AB2-BBCE-44F5-BCF9-D140FCBE2211}.Debug|Any CPU.ActiveCfg = Debug|Any CPU
		{DB884AB2-BBCE-44F5-BCF9-D140FCBE2211}.Debug|Any CPU.Build.0 = Debug|Any CPU
		{DB884AB2-BBCE-44F5-BCF9-D140FCBE2211}.Release|Any CPU.ActiveCfg = Release|Any CPU
		{DB884AB2-BBCE-44F5-BCF9-D140FCBE2211}.Release|Any CPU.Build.0 = Release|Any CPU
	EndGlobalSection
	GlobalSection(SolutionProperties) = preSolution
		HideSolutionNode = FALSE
	EndGlobalSection
	GlobalSection(ExtensibilityGlobals) = postSolution
		SolutionGuid = {9106D4CF-9612-4B68-B086-EBE285521D88}
	EndGlobalSection
EndGlobal
