
Microsoft Visual Studio Solution File, Format Version 12.00
# Visual Studio Version 17
VisualStudioVersion = 17.1.32328.378
MinimumVisualStudioVersion = 10.0.40219.1
Project("{FAE04EC0-301F-11D3-BF4B-00C04F79EFBC}") = "LebeledTextboxControl", "LebeledTextboxControl\LebeledTextboxControl.csproj", "{587486D0-371A-4B2D-83B8-D2133ADFCC53}"
EndProject
Project("{FAE04EC0-301F-11D3-BF4B-00C04F79EFBC}") = "LabeledTextboxHostProgram", "LabeledTextboxHostProgram\LabeledTextboxHostProgram.csproj", "{9EDFDDAF-7C8E-4AB2-A9B1-189A5F922F96}"
EndProject
Global
	GlobalSection(SolutionConfigurationPlatforms) = preSolution
		Debug|Any CPU = Debug|Any CPU
		Release|Any CPU = Release|Any CPU
	EndGlobalSection
	GlobalSection(ProjectConfigurationPlatforms) = postSolution
		{587486D0-371A-4B2D-83B8-D2133ADFCC53}.Debug|Any CPU.ActiveCfg = Debug|Any CPU
		{587486D0-371A-4B2D-83B8-D2133ADFCC53}.Debug|Any CPU.Build.0 = Debug|Any CPU
		{587486D0-371A-4B2D-83B8-D2133ADFCC53}.Release|Any CPU.ActiveCfg = Release|Any CPU
		{587486D0-371A-4B2D-83B8-D2133ADFCC53}.Release|Any CPU.Build.0 = Release|Any CPU
		{9EDFDDAF-7C8E-4AB2-A9B1-189A5F922F96}.Debug|Any CPU.ActiveCfg = Debug|Any CPU
		{9EDFDDAF-7C8E-4AB2-A9B1-189A5F922F96}.Debug|Any CPU.Build.0 = Debug|Any CPU
		{9EDFDDAF-7C8E-4AB2-A9B1-189A5F922F96}.Release|Any CPU.ActiveCfg = Release|Any CPU
		{9EDFDDAF-7C8E-4AB2-A9B1-189A5F922F96}.Release|Any CPU.Build.0 = Release|Any CPU
	EndGlobalSection
	GlobalSection(SolutionProperties) = preSolution
		HideSolutionNode = FALSE
	EndGlobalSection
	GlobalSection(ExtensibilityGlobals) = postSolution
		SolutionGuid = {1E08CFA7-C1E9-4A6C-BFB9-2C30B38049E8}
	EndGlobalSection
EndGlobal
