
Microsoft Visual Studio Solution File, Format Version 12.00
# Visual Studio 15
VisualStudioVersion = 15.0.28307.1500
MinimumVisualStudioVersion = 10.0.40219.1
Project("{FAE04EC0-301F-11D3-BF4B-00C04F79EFBC}") = "FirstDemoApp", "FirstDemoApp\FirstDemoApp.csproj", "{FAF521CA-FB3F-47EF-81C0-56B7754C93FC}"
EndProject
Global
	GlobalSection(SolutionConfigurationPlatforms) = preSolution
		Debug|Any CPU = Debug|Any CPU
		Release|Any CPU = Release|Any CPU
	EndGlobalSection
	GlobalSection(ProjectConfigurationPlatforms) = postSolution
		{FAF521CA-FB3F-47EF-81C0-56B7754C93FC}.Debug|Any CPU.ActiveCfg = Debug|Any CPU
		{FAF521CA-FB3F-47EF-81C0-56B7754C93FC}.Debug|Any CPU.Build.0 = Debug|Any CPU
		{FAF521CA-FB3F-47EF-81C0-56B7754C93FC}.Release|Any CPU.ActiveCfg = Release|Any CPU
		{FAF521CA-FB3F-47EF-81C0-56B7754C93FC}.Release|Any CPU.Build.0 = Release|Any CPU
	EndGlobalSection
	GlobalSection(SolutionProperties) = preSolution
		HideSolutionNode = FALSE
	EndGlobalSection
	GlobalSection(ExtensibilityGlobals) = postSolution
		SolutionGuid = {C408BF95-305A-48EA-9B87-25AB358B4B54}
	EndGlobalSection
EndGlobal
