
Microsoft Visual Studio Solution File, Format Version 12.00
# Visual Studio 15
VisualStudioVersion = 15.0.28307.539
MinimumVisualStudioVersion = 10.0.40219.1
Project("{FAE04EC0-301F-11D3-BF4B-00C04F79EFBC}") = "CrossLightsModel", "CrossLightsModel\CrossLightsModel.csproj", "{F3F4FCAA-FE9E-46E8-B701-93D321447A39}"
EndProject
Global
	GlobalSection(SolutionConfigurationPlatforms) = preSolution
		Debug|Any CPU = Debug|Any CPU
		Release|Any CPU = Release|Any CPU
	EndGlobalSection
	GlobalSection(ProjectConfigurationPlatforms) = postSolution
		{F3F4FCAA-FE9E-46E8-B701-93D321447A39}.Debug|Any CPU.ActiveCfg = Debug|Any CPU
		{F3F4FCAA-FE9E-46E8-B701-93D321447A39}.Debug|Any CPU.Build.0 = Debug|Any CPU
		{F3F4FCAA-FE9E-46E8-B701-93D321447A39}.Release|Any CPU.ActiveCfg = Release|Any CPU
		{F3F4FCAA-FE9E-46E8-B701-93D321447A39}.Release|Any CPU.Build.0 = Release|Any CPU
	EndGlobalSection
	GlobalSection(SolutionProperties) = preSolution
		HideSolutionNode = FALSE
	EndGlobalSection
	GlobalSection(ExtensibilityGlobals) = postSolution
		SolutionGuid = {FE783B41-78FB-459C-A04F-C5C53141D212}
	EndGlobalSection
EndGlobal
