
Microsoft Visual Studio Solution File, Format Version 12.00
# Visual Studio Version 17
VisualStudioVersion = 17.1.32328.378
MinimumVisualStudioVersion = 10.0.40219.1
Project("{FAE04EC0-301F-11D3-BF4B-00C04F79EFBC}") = "lab_10", "lab_10.csproj", "{FE2C73D8-E641-4D79-944C-9374A9AEF41A}"
EndProject
Global
	GlobalSection(SolutionConfigurationPlatforms) = preSolution
		Debug|Any CPU = Debug|Any CPU
		Release|Any CPU = Release|Any CPU
	EndGlobalSection
	GlobalSection(ProjectConfigurationPlatforms) = postSolution
		{FE2C73D8-E641-4D79-944C-9374A9AEF41A}.Debug|Any CPU.ActiveCfg = Debug|Any CPU
		{FE2C73D8-E641-4D79-944C-9374A9AEF41A}.Debug|Any CPU.Build.0 = Debug|Any CPU
		{FE2C73D8-E641-4D79-944C-9374A9AEF41A}.Release|Any CPU.ActiveCfg = Release|Any CPU
		{FE2C73D8-E641-4D79-944C-9374A9AEF41A}.Release|Any CPU.Build.0 = Release|Any CPU
	EndGlobalSection
	GlobalSection(SolutionProperties) = preSolution
		HideSolutionNode = FALSE
	EndGlobalSection
	GlobalSection(ExtensibilityGlobals) = postSolution
		SolutionGuid = {DFD69F5E-C8B2-439D-8698-370401AB0F91}
	EndGlobalSection
EndGlobal
