
Microsoft Visual Studio Solution File, Format Version 12.00
# Visual Studio Version 17
VisualStudioVersion = 17.0.32126.317
MinimumVisualStudioVersion = 10.0.40219.1
Project("{FAE04EC0-301F-11D3-BF4B-00C04F79EFBC}") = "lab2_1", "lab2_1\lab2_1.csproj", "{8C71B3CD-A693-4501-ADD8-F9C187288005}"
EndProject
Global
	GlobalSection(SolutionConfigurationPlatforms) = preSolution
		Debug|Any CPU = Debug|Any CPU
		Release|Any CPU = Release|Any CPU
	EndGlobalSection
	GlobalSection(ProjectConfigurationPlatforms) = postSolution
		{8C71B3CD-A693-4501-ADD8-F9C187288005}.Debug|Any CPU.ActiveCfg = Debug|Any CPU
		{8C71B3CD-A693-4501-ADD8-F9C187288005}.Debug|Any CPU.Build.0 = Debug|Any CPU
		{8C71B3CD-A693-4501-ADD8-F9C187288005}.Release|Any CPU.ActiveCfg = Release|Any CPU
		{8C71B3CD-A693-4501-ADD8-F9C187288005}.Release|Any CPU.Build.0 = Release|Any CPU
	EndGlobalSection
	GlobalSection(SolutionProperties) = preSolution
		HideSolutionNode = FALSE
	EndGlobalSection
	GlobalSection(ExtensibilityGlobals) = postSolution
		SolutionGuid = {6D4FFEAE-BA9B-459F-BE77-8BA0D906F576}
	EndGlobalSection
EndGlobal
