
Microsoft Visual Studio Solution File, Format Version 12.00
# Visual Studio 15
VisualStudioVersion = 15.0.28307.539
MinimumVisualStudioVersion = 10.0.40219.1
Project("{FAE04EC0-301F-11D3-BF4B-00C04F79EFBC}") = "StoredShapesCS", "StoredShapesCS\StoredShapesCS.csproj", "{CE91CDF3-C2F1-428C-B035-424FF3AC8871}"
EndProject
Global
	GlobalSection(SolutionConfigurationPlatforms) = preSolution
		Debug|Any CPU = Debug|Any CPU
		Release|Any CPU = Release|Any CPU
	EndGlobalSection
	GlobalSection(ProjectConfigurationPlatforms) = postSolution
		{CE91CDF3-C2F1-428C-B035-424FF3AC8871}.Debug|Any CPU.ActiveCfg = Debug|Any CPU
		{CE91CDF3-C2F1-428C-B035-424FF3AC8871}.Debug|Any CPU.Build.0 = Debug|Any CPU
		{CE91CDF3-C2F1-428C-B035-424FF3AC8871}.Release|Any CPU.ActiveCfg = Release|Any CPU
		{CE91CDF3-C2F1-428C-B035-424FF3AC8871}.Release|Any CPU.Build.0 = Release|Any CPU
	EndGlobalSection
	GlobalSection(SolutionProperties) = preSolution
		HideSolutionNode = FALSE
	EndGlobalSection
	GlobalSection(ExtensibilityGlobals) = postSolution
		SolutionGuid = {0AA36208-0C0A-4680-BA74-71651AE365DB}
	EndGlobalSection
EndGlobal
