
Microsoft Visual Studio Solution File, Format Version 12.00
# Visual Studio 2013
VisualStudioVersion = 12.0.40629.0
MinimumVisualStudioVersion = 10.0.40219.1
Project("{FAE04EC0-301F-11D3-BF4B-00C04F79EFBC}") = "ThreadWithUI", "ThreadWithUI\ThreadWithUI.csproj", "{3294BBD0-28C0-4D94-A3BC-A9567B8069A8}"
EndProject
Global
	GlobalSection(SolutionConfigurationPlatforms) = preSolution
		Debug|Any CPU = Debug|Any CPU
		Release|Any CPU = Release|Any CPU
	EndGlobalSection
	GlobalSection(ProjectConfigurationPlatforms) = postSolution
		{3294BBD0-28C0-4D94-A3BC-A9567B8069A8}.Debug|Any CPU.ActiveCfg = Debug|Any CPU
		{3294BBD0-28C0-4D94-A3BC-A9567B8069A8}.Debug|Any CPU.Build.0 = Debug|Any CPU
		{3294BBD0-28C0-4D94-A3BC-A9567B8069A8}.Release|Any CPU.ActiveCfg = Release|Any CPU
		{3294BBD0-28C0-4D94-A3BC-A9567B8069A8}.Release|Any CPU.Build.0 = Release|Any CPU
	EndGlobalSection
	GlobalSection(SolutionProperties) = preSolution
		HideSolutionNode = FALSE
	EndGlobalSection
EndGlobal
