
Microsoft Visual Studio Solution File, Format Version 12.00
# Visual Studio Version 16
VisualStudioVersion = 16.0.31105.61
MinimumVisualStudioVersion = 10.0.40219.1
Project("{FAE04EC0-301F-11D3-BF4B-00C04F79EFBC}") = "Модуль 2", "Модуль 2\Модуль 2.csproj", "{BADB2870-4888-4741-B7BE-FC70E3B48A10}"
EndProject
Global
	GlobalSection(SolutionConfigurationPlatforms) = preSolution
		Debug|Any CPU = Debug|Any CPU
		Release|Any CPU = Release|Any CPU
	EndGlobalSection
	GlobalSection(ProjectConfigurationPlatforms) = postSolution
		{BADB2870-4888-4741-B7BE-FC70E3B48A10}.Debug|Any CPU.ActiveCfg = Debug|Any CPU
		{BADB2870-4888-4741-B7BE-FC70E3B48A10}.Debug|Any CPU.Build.0 = Debug|Any CPU
		{BADB2870-4888-4741-B7BE-FC70E3B48A10}.Release|Any CPU.ActiveCfg = Release|Any CPU
		{BADB2870-4888-4741-B7BE-FC70E3B48A10}.Release|Any CPU.Build.0 = Release|Any CPU
	EndGlobalSection
	GlobalSection(SolutionProperties) = preSolution
		HideSolutionNode = FALSE
	EndGlobalSection
	GlobalSection(ExtensibilityGlobals) = postSolution
		SolutionGuid = {7B077511-8B1D-47A1-AC36-D394C3B61930}
	EndGlobalSection
EndGlobal
