
Microsoft Visual Studio Solution File, Format Version 12.00
# Visual Studio Version 17
VisualStudioVersion = 17.0.32126.317
MinimumVisualStudioVersion = 10.0.40219.1
Project("{FAE04EC0-301F-11D3-BF4B-00C04F79EFBC}") = "Kravets_lab4", "Kravets_lab4.csproj", "{2FF8321B-A8A1-42E7-B5EE-0715FD992B4B}"
EndProject
Global
	GlobalSection(SolutionConfigurationPlatforms) = preSolution
		Debug|Any CPU = Debug|Any CPU
		Release|Any CPU = Release|Any CPU
	EndGlobalSection
	GlobalSection(ProjectConfigurationPlatforms) = postSolution
		{2FF8321B-A8A1-42E7-B5EE-0715FD992B4B}.Debug|Any CPU.ActiveCfg = Debug|Any CPU
		{2FF8321B-A8A1-42E7-B5EE-0715FD992B4B}.Debug|Any CPU.Build.0 = Debug|Any CPU
		{2FF8321B-A8A1-42E7-B5EE-0715FD992B4B}.Release|Any CPU.ActiveCfg = Release|Any CPU
		{2FF8321B-A8A1-42E7-B5EE-0715FD992B4B}.Release|Any CPU.Build.0 = Release|Any CPU
	EndGlobalSection
	GlobalSection(SolutionProperties) = preSolution
		HideSolutionNode = FALSE
	EndGlobalSection
	GlobalSection(ExtensibilityGlobals) = postSolution
		SolutionGuid = {9057E64A-D381-4005-A464-07FFF73F85ED}
	EndGlobalSection
EndGlobal
