
Microsoft Visual Studio Solution File, Format Version 12.00
# Visual Studio 2013
VisualStudioVersion = 12.0.40629.0
MinimumVisualStudioVersion = 10.0.40219.1
Project("{FAE04EC0-301F-11D3-BF4B-00C04F79EFBC}") = "Events", "Events\Events.csproj", "{C4132303-CAB0-485B-9FBF-59F69ACC0C54}"
EndProject
Project("{FAE04EC0-301F-11D3-BF4B-00C04F79EFBC}") = "EngineEvent", "EngineEvent\EngineEvent.csproj", "{4C2117EE-5A8E-48CE-9F78-2CBCA102016D}"
EndProject
Global
	GlobalSection(SolutionConfigurationPlatforms) = preSolution
		Debug|Any CPU = Debug|Any CPU
		Release|Any CPU = Release|Any CPU
	EndGlobalSection
	GlobalSection(ProjectConfigurationPlatforms) = postSolution
		{C4132303-CAB0-485B-9FBF-59F69ACC0C54}.Debug|Any CPU.ActiveCfg = Debug|Any CPU
		{C4132303-CAB0-485B-9FBF-59F69ACC0C54}.Debug|Any CPU.Build.0 = Debug|Any CPU
		{C4132303-CAB0-485B-9FBF-59F69ACC0C54}.Release|Any CPU.ActiveCfg = Release|Any CPU
		{C4132303-CAB0-485B-9FBF-59F69ACC0C54}.Release|Any CPU.Build.0 = Release|Any CPU
		{4C2117EE-5A8E-48CE-9F78-2CBCA102016D}.Debug|Any CPU.ActiveCfg = Debug|Any CPU
		{4C2117EE-5A8E-48CE-9F78-2CBCA102016D}.Debug|Any CPU.Build.0 = Debug|Any CPU
		{4C2117EE-5A8E-48CE-9F78-2CBCA102016D}.Release|Any CPU.ActiveCfg = Release|Any CPU
		{4C2117EE-5A8E-48CE-9F78-2CBCA102016D}.Release|Any CPU.Build.0 = Release|Any CPU
	EndGlobalSection
	GlobalSection(SolutionProperties) = preSolution
		HideSolutionNode = FALSE
	EndGlobalSection
EndGlobal
