
Microsoft Visual Studio Solution File, Format Version 12.00
# Visual Studio Version 17
VisualStudioVersion = 17.1.32328.378
MinimumVisualStudioVersion = 10.0.40219.1
Project("{FAE04EC0-301F-11D3-BF4B-00C04F79EFBC}") = "Traffic_lights_project", "Traffic_lights_project.csproj", "{521BDE08-32FB-4F65-A301-4A78FCCB60C5}"
EndProject
Global
	GlobalSection(SolutionConfigurationPlatforms) = preSolution
		Debug|Any CPU = Debug|Any CPU
		Release|Any CPU = Release|Any CPU
	EndGlobalSection
	GlobalSection(ProjectConfigurationPlatforms) = postSolution
		{521BDE08-32FB-4F65-A301-4A78FCCB60C5}.Debug|Any CPU.ActiveCfg = Debug|Any CPU
		{521BDE08-32FB-4F65-A301-4A78FCCB60C5}.Debug|Any CPU.Build.0 = Debug|Any CPU
		{521BDE08-32FB-4F65-A301-4A78FCCB60C5}.Release|Any CPU.ActiveCfg = Release|Any CPU
		{521BDE08-32FB-4F65-A301-4A78FCCB60C5}.Release|Any CPU.Build.0 = Release|Any CPU
	EndGlobalSection
	GlobalSection(SolutionProperties) = preSolution
		HideSolutionNode = FALSE
	EndGlobalSection
	GlobalSection(ExtensibilityGlobals) = postSolution
		SolutionGuid = {F38D3217-586E-46B6-8AF1-161DCB3F16F4}
	EndGlobalSection
EndGlobal
