
Microsoft Visual Studio Solution File, Format Version 12.00
# Visual Studio 15
VisualStudioVersion = 15.0.28307.539
MinimumVisualStudioVersion = 10.0.40219.1
Project("{FAE04EC0-301F-11D3-BF4B-00C04F79EFBC}") = "ConsoleFileDirectoryAppl", "ConsoleFileDirectoryAppl\ConsoleFileDirectoryAppl.csproj", "{13353B0C-D94A-415C-BAFD-EAD3A292AFA1}"
EndProject
Global
	GlobalSection(SolutionConfigurationPlatforms) = preSolution
		Debug|Any CPU = Debug|Any CPU
		Release|Any CPU = Release|Any CPU
	EndGlobalSection
	GlobalSection(ProjectConfigurationPlatforms) = postSolution
		{13353B0C-D94A-415C-BAFD-EAD3A292AFA1}.Debug|Any CPU.ActiveCfg = Debug|Any CPU
		{13353B0C-D94A-415C-BAFD-EAD3A292AFA1}.Debug|Any CPU.Build.0 = Debug|Any CPU
		{13353B0C-D94A-415C-BAFD-EAD3A292AFA1}.Release|Any CPU.ActiveCfg = Release|Any CPU
		{13353B0C-D94A-415C-BAFD-EAD3A292AFA1}.Release|Any CPU.Build.0 = Release|Any CPU
	EndGlobalSection
	GlobalSection(SolutionProperties) = preSolution
		HideSolutionNode = FALSE
	EndGlobalSection
	GlobalSection(ExtensibilityGlobals) = postSolution
		SolutionGuid = {3C6E2B8B-6FFD-4457-97C6-CEE5AD9E1768}
	EndGlobalSection
EndGlobal
