
Microsoft Visual Studio Solution File, Format Version 12.00
# Visual Studio 2013
VisualStudioVersion = 12.0.40629.0
MinimumVisualStudioVersion = 10.0.40219.1
Project("{FAE04EC0-301F-11D3-BF4B-00C04F79EFBC}") = "RadioGroupControl", "RadioGroupControl\RadioGroupControl.csproj", "{29AA778D-568A-4BD6-AD43-7765EC603DFD}"
EndProject
Project("{FAE04EC0-301F-11D3-BF4B-00C04F79EFBC}") = "RadioGroupHostApplication", "RadioGroupHostApplication\RadioGroupHostApplication.csproj", "{5B33779F-B044-4BEB-A8A0-CF5A866ABB21}"
EndProject
Global
	GlobalSection(SolutionConfigurationPlatforms) = preSolution
		Debug|Any CPU = Debug|Any CPU
		Release|Any CPU = Release|Any CPU
	EndGlobalSection
	GlobalSection(ProjectConfigurationPlatforms) = postSolution
		{29AA778D-568A-4BD6-AD43-7765EC603DFD}.Debug|Any CPU.ActiveCfg = Debug|Any CPU
		{29AA778D-568A-4BD6-AD43-7765EC603DFD}.Debug|Any CPU.Build.0 = Debug|Any CPU
		{29AA778D-568A-4BD6-AD43-7765EC603DFD}.Release|Any CPU.ActiveCfg = Release|Any CPU
		{29AA778D-568A-4BD6-AD43-7765EC603DFD}.Release|Any CPU.Build.0 = Release|Any CPU
		{5B33779F-B044-4BEB-A8A0-CF5A866ABB21}.Debug|Any CPU.ActiveCfg = Debug|Any CPU
		{5B33779F-B044-4BEB-A8A0-CF5A866ABB21}.Debug|Any CPU.Build.0 = Debug|Any CPU
		{5B33779F-B044-4BEB-A8A0-CF5A866ABB21}.Release|Any CPU.ActiveCfg = Release|Any CPU
		{5B33779F-B044-4BEB-A8A0-CF5A866ABB21}.Release|Any CPU.Build.0 = Release|Any CPU
	EndGlobalSection
	GlobalSection(SolutionProperties) = preSolution
		HideSolutionNode = FALSE
	EndGlobalSection
EndGlobal
