
Microsoft Visual Studio Solution File, Format Version 12.00
# Visual Studio 2013
VisualStudioVersion = 12.0.40629.0
MinimumVisualStudioVersion = 10.0.40219.1
Project("{FAE04EC0-301F-11D3-BF4B-00C04F79EFBC}") = "DelegateUse", "DelegateUse\DelegateUse.csproj", "{DE661C84-3A53-46CA-82C1-8DA26A3A7E76}"
EndProject
Project("{FAE04EC0-301F-11D3-BF4B-00C04F79EFBC}") = "TestDelegate", "TestDelegate\TestDelegate.csproj", "{6292CD6D-EC38-422C-ADE6-CDB4A71DD2D1}"
EndProject
Global
	GlobalSection(SolutionConfigurationPlatforms) = preSolution
		Debug|Any CPU = Debug|Any CPU
		Release|Any CPU = Release|Any CPU
	EndGlobalSection
	GlobalSection(ProjectConfigurationPlatforms) = postSolution
		{DE661C84-3A53-46CA-82C1-8DA26A3A7E76}.Debug|Any CPU.ActiveCfg = Debug|Any CPU
		{DE661C84-3A53-46CA-82C1-8DA26A3A7E76}.Debug|Any CPU.Build.0 = Debug|Any CPU
		{DE661C84-3A53-46CA-82C1-8DA26A3A7E76}.Release|Any CPU.ActiveCfg = Release|Any CPU
		{DE661C84-3A53-46CA-82C1-8DA26A3A7E76}.Release|Any CPU.Build.0 = Release|Any CPU
		{6292CD6D-EC38-422C-ADE6-CDB4A71DD2D1}.Debug|Any CPU.ActiveCfg = Debug|Any CPU
		{6292CD6D-EC38-422C-ADE6-CDB4A71DD2D1}.Debug|Any CPU.Build.0 = Debug|Any CPU
		{6292CD6D-EC38-422C-ADE6-CDB4A71DD2D1}.Release|Any CPU.ActiveCfg = Release|Any CPU
		{6292CD6D-EC38-422C-ADE6-CDB4A71DD2D1}.Release|Any CPU.Build.0 = Release|Any CPU
	EndGlobalSection
	GlobalSection(SolutionProperties) = preSolution
		HideSolutionNode = FALSE
	EndGlobalSection
EndGlobal
