
Microsoft Visual Studio Solution File, Format Version 12.00
# Visual Studio Version 17
VisualStudioVersion = 17.0.32126.317
MinimumVisualStudioVersion = 10.0.40219.1
Project("{FAE04EC0-301F-11D3-BF4B-00C04F79EFBC}") = "lab6", "lab6.csproj", "{738499BA-CD5E-432E-BB1B-8F5AC303F7DE}"
EndProject
Global
	GlobalSection(SolutionConfigurationPlatforms) = preSolution
		Debug|Any CPU = Debug|Any CPU
		Release|Any CPU = Release|Any CPU
	EndGlobalSection
	GlobalSection(ProjectConfigurationPlatforms) = postSolution
		{738499BA-CD5E-432E-BB1B-8F5AC303F7DE}.Debug|Any CPU.ActiveCfg = Debug|Any CPU
		{738499BA-CD5E-432E-BB1B-8F5AC303F7DE}.Debug|Any CPU.Build.0 = Debug|Any CPU
		{738499BA-CD5E-432E-BB1B-8F5AC303F7DE}.Release|Any CPU.ActiveCfg = Release|Any CPU
		{738499BA-CD5E-432E-BB1B-8F5AC303F7DE}.Release|Any CPU.Build.0 = Release|Any CPU
	EndGlobalSection
	GlobalSection(SolutionProperties) = preSolution
		HideSolutionNode = FALSE
	EndGlobalSection
	GlobalSection(ExtensibilityGlobals) = postSolution
		SolutionGuid = {0B7C4328-CBBF-45B6-A3BE-016B76ACEC7D}
	EndGlobalSection
EndGlobal
